
Microsoft Visual Studio Solution File, Format Version 12.00
# Visual Studio Version 16
VisualStudioVersion = 16.0.29009.5
MinimumVisualStudioVersion = 10.0.40219.1
Project("{FAE04EC0-301F-11D3-BF4B-00C04F79EFBC}") = "ODProject", "ODProject\ODProject.csproj", "{AF0CF194-2A1D-459C-865A-07C424DAE7DD}"
EndProject
Global
	GlobalSection(SolutionConfigurationPlatforms) = preSolution
		Debug|Any CPU = Debug|Any CPU
		Release|Any CPU = Release|Any CPU
	EndGlobalSection
	GlobalSection(ProjectConfigurationPlatforms) = postSolution
		{AF0CF194-2A1D-459C-865A-07C424DAE7DD}.Debug|Any CPU.ActiveCfg = Debug|Any CPU
		{AF0CF194-2A1D-459C-865A-07C424DAE7DD}.Debug|Any CPU.Build.0 = Debug|Any CPU
		{AF0CF194-2A1D-459C-865A-07C424DAE7DD}.Release|Any CPU.ActiveCfg = Release|Any CPU
		{AF0CF194-2A1D-459C-865A-07C424DAE7DD}.Release|Any CPU.Build.0 = Release|Any CPU
	EndGlobalSection
	GlobalSection(SolutionProperties) = preSolution
		HideSolutionNode = FALSE
	EndGlobalSection
	GlobalSection(ExtensibilityGlobals) = postSolution
		SolutionGuid = {C28FE8F8-60AD-41BA-A163-7248EA1794B1}
	EndGlobalSection
EndGlobal
